
Microsoft Visual Studio Solution File, Format Version 12.00
# Visual Studio Version 17
VisualStudioVersion = 17.7.34018.315
MinimumVisualStudioVersion = 10.0.40219.1
Project("{FAE04EC0-301F-11D3-BF4B-00C04F79EFBC}") = "SIstemPermohonanPerolehanAPI", "SIstemPermohonanPerolehanAPI\SIstemPermohonanPerolehanAPI.csproj", "{C23CAD6A-CB65-4073-83C6-FD4CBD9BDFAB}"
EndProject
Global
	GlobalSection(SolutionConfigurationPlatforms) = preSolution
		Debug|Any CPU = Debug|Any CPU
		Release|Any CPU = Release|Any CPU
	EndGlobalSection
	GlobalSection(ProjectConfigurationPlatforms) = postSolution
		{C23CAD6A-CB65-4073-83C6-FD4CBD9BDFAB}.Debug|Any CPU.ActiveCfg = Debug|Any CPU
		{C23CAD6A-CB65-4073-83C6-FD4CBD9BDFAB}.Debug|Any CPU.Build.0 = Debug|Any CPU
		{C23CAD6A-CB65-4073-83C6-FD4CBD9BDFAB}.Release|Any CPU.ActiveCfg = Release|Any CPU
		{C23CAD6A-CB65-4073-83C6-FD4CBD9BDFAB}.Release|Any CPU.Build.0 = Release|Any CPU
	EndGlobalSection
	GlobalSection(SolutionProperties) = preSolution
		HideSolutionNode = FALSE
	EndGlobalSection
	GlobalSection(ExtensibilityGlobals) = postSolution
		SolutionGuid = {2C15F902-441C-4E7F-AF82-78D78CA91562}
	EndGlobalSection
EndGlobal
